{
  "format": 1,
  "api": "bml.runtime",
  "version": {
    "major": 1,
    "minor": 0
  },
  "enums": [],
  "schemas": [
    {
      "name": "clock_state",
      "fields": [
        {
          "id": 1,
          "name": "time_ms",
          "type": "float",
          "optional": false,
          "reserved": false
        },
        {
          "id": 2,
          "name": "absolute_ms",
          "type": "float",
          "optional": false,
          "reserved": false
        },
        {
          "id": 3,
          "name": "delta_ms",
          "type": "float",
          "optional": false,
          "reserved": false
        },
        {
          "id": 4,
          "name": "frame",
          "type": "int",
          "optional": false,
          "reserved": false
        }
      ]
    },
    {
      "name": "runtime_state",
      "fields": [
        {
          "id": 1,
          "name": "in_game",
          "type": "bool",
          "optional": false,
          "reserved": false
        },
        {
          "id": 2,
          "name": "in_level",
          "type": "bool",
          "optional": false,
          "reserved": false
        },
        {
          "id": 3,
          "name": "paused",
          "type": "bool",
          "optional": false,
          "reserved": false
        },
        {
          "id": 4,
          "name": "playing",
          "type": "bool",
          "optional": false,
          "reserved": false
        },
        {
          "id": 5,
          "name": "cheat_enabled",
          "type": "bool",
          "optional": false,
          "reserved": false
        }
      ]
    },
    {
      "name": "score_state",
      "fields": [
        {
          "id": 1,
          "name": "sr",
          "type": "float",
          "optional": false,
          "reserved": false
        },
        {
          "id": 2,
          "name": "hs",
          "type": "int",
          "optional": false,
          "reserved": false
        }
      ]
    }
  ],
  "rpcs": [
    {
      "name": "clock",
      "response": "clock_state"
    },
    {
      "name": "score",
      "response": "score_state"
    },
    {
      "name": "state",
      "response": "runtime_state"
    }
  ],
  "topics": []
}
