{
  "format": 1,
  "api": "bml.gameplay",
  "version": {
    "major": 1,
    "minor": 0
  },
  "enums": [],
  "schemas": [
    {
      "name": "catalog_response",
      "fields": [
        {
          "id": 1,
          "name": "files",
          "type": "array<string>",
          "optional": false,
          "reserved": false
        },
        {
          "id": 2,
          "name": "start_balls",
          "type": "array<string>",
          "optional": false,
          "reserved": false
        },
        {
          "id": 3,
          "name": "skies",
          "type": "array<string>",
          "optional": false,
          "reserved": false
        },
        {
          "id": 4,
          "name": "bonuses",
          "type": "array<int>",
          "optional": false,
          "reserved": false
        },
        {
          "id": 5,
          "name": "music",
          "type": "array<int>",
          "optional": false,
          "reserved": false
        }
      ]
    },
    {
      "name": "checkpoints_response",
      "fields": [
        {
          "id": 1,
          "name": "matrices",
          "type": "array<mat4>",
          "optional": false,
          "reserved": false
        },
        {
          "id": 2,
          "name": "objects",
          "type": "array<object>",
          "optional": false,
          "reserved": false
        }
      ]
    },
    {
      "name": "energy_state",
      "fields": [
        {
          "id": 1,
          "name": "points",
          "type": "int",
          "optional": false,
          "reserved": false
        },
        {
          "id": 2,
          "name": "lives",
          "type": "int",
          "optional": false,
          "reserved": false
        },
        {
          "id": 3,
          "name": "start_points",
          "type": "int",
          "optional": false,
          "reserved": false
        },
        {
          "id": 4,
          "name": "start_lives",
          "type": "int",
          "optional": false,
          "reserved": false
        },
        {
          "id": 5,
          "name": "time_factor",
          "type": "float",
          "optional": false,
          "reserved": false
        },
        {
          "id": 6,
          "name": "life_bonus",
          "type": "int",
          "optional": false,
          "reserved": false
        }
      ]
    },
    {
      "name": "level_state",
      "fields": [
        {
          "id": 1,
          "name": "id",
          "type": "int",
          "optional": false,
          "reserved": false
        },
        {
          "id": 2,
          "name": "active_ball",
          "type": "object",
          "optional": false,
          "reserved": false
        },
        {
          "id": 3,
          "name": "reset_matrix",
          "type": "mat4",
          "optional": false,
          "reserved": false
        },
        {
          "id": 4,
          "name": "points",
          "type": "int",
          "optional": false,
          "reserved": false
        }
      ]
    },
    {
      "name": "resetpoints_response",
      "fields": [
        {
          "id": 1,
          "name": "objects",
          "type": "array<object>",
          "optional": false,
          "reserved": false
        }
      ]
    }
  ],
  "rpcs": [
    {
      "name": "catalog",
      "response": "catalog_response"
    },
    {
      "name": "checkpoints",
      "response": "checkpoints_response"
    },
    {
      "name": "energy",
      "response": "energy_state"
    },
    {
      "name": "level",
      "response": "level_state"
    },
    {
      "name": "resetpoints",
      "response": "resetpoints_response"
    }
  ],
  "topics": []
}
