{
  "format": 1,
  "api": "bml.speedrun",
  "version": {
    "major": 1,
    "minor": 0
  },
  "enums": [],
  "schemas": [
    {
      "name": "timer_state",
      "fields": [
        {
          "id": 1,
          "name": "elapsed_time",
          "type": "float",
          "optional": false,
          "reserved": false
        }
      ]
    },
    {
      "name": "visible_input",
      "fields": [
        {
          "id": 1,
          "name": "visible",
          "type": "bool",
          "optional": false,
          "reserved": false
        }
      ]
    }
  ],
  "rpcs": [
    {
      "name": "pause_timer"
    },
    {
      "name": "reset_timer"
    },
    {
      "name": "set_timer_visible",
      "request": "visible_input"
    },
    {
      "name": "start_timer"
    },
    {
      "name": "state",
      "response": "timer_state"
    }
  ],
  "topics": []
}
