{
  "format": 1,
  "api": "bml.scene",
  "version": {
    "major": 1,
    "minor": 0
  },
  "enums": [],
  "schemas": [
    {
      "name": "entity_transform",
      "fields": [
        {
          "id": 1,
          "name": "position",
          "type": "vec3",
          "optional": false,
          "reserved": false
        },
        {
          "id": 2,
          "name": "scale",
          "type": "vec3",
          "optional": false,
          "reserved": false
        },
        {
          "id": 3,
          "name": "parent",
          "type": "object",
          "optional": false,
          "reserved": false
        },
        {
          "id": 4,
          "name": "child_count",
          "type": "int",
          "optional": false,
          "reserved": false
        }
      ]
    },
    {
      "name": "find_name_class_request",
      "fields": [
        {
          "id": 1,
          "name": "name",
          "type": "string",
          "optional": false,
          "reserved": false
        },
        {
          "id": 2,
          "name": "class_id",
          "type": "int",
          "optional": false,
          "reserved": false
        }
      ]
    },
    {
      "name": "find_name_request",
      "fields": [
        {
          "id": 1,
          "name": "name",
          "type": "string",
          "optional": false,
          "reserved": false
        }
      ]
    },
    {
      "name": "find_result",
      "fields": [
        {
          "id": 1,
          "name": "object",
          "type": "object",
          "optional": false,
          "reserved": false
        }
      ]
    },
    {
      "name": "object_info",
      "fields": [
        {
          "id": 1,
          "name": "id",
          "type": "int",
          "optional": false,
          "reserved": false
        },
        {
          "id": 2,
          "name": "name",
          "type": "string",
          "optional": false,
          "reserved": false
        },
        {
          "id": 3,
          "name": "class_id",
          "type": "int",
          "optional": false,
          "reserved": false
        },
        {
          "id": 4,
          "name": "visible",
          "type": "bool",
          "optional": false,
          "reserved": false
        },
        {
          "id": 5,
          "name": "dynamic",
          "type": "bool",
          "optional": false,
          "reserved": false
        }
      ]
    },
    {
      "name": "object_request",
      "fields": [
        {
          "id": 1,
          "name": "object",
          "type": "object",
          "optional": false,
          "reserved": false
        }
      ]
    }
  ],
  "rpcs": [
    {
      "name": "entity",
      "request": "object_request",
      "response": "entity_transform"
    },
    {
      "name": "find_name",
      "request": "find_name_request",
      "response": "find_result"
    },
    {
      "name": "find_name_class",
      "request": "find_name_class_request",
      "response": "find_result"
    },
    {
      "name": "object",
      "request": "object_request",
      "response": "object_info"
    }
  ],
  "topics": []
}
